
Microsoft Visual Studio Solution File, Format Version 12.00
# Visual Studio 15
VisualStudioVersion = 15.0.28307.1972
MinimumVisualStudioVersion = 10.0.40219.1
Project("{FAE04EC0-301F-11D3-BF4B-00C04F79EFBC}") = "Lecimg", "Lecimg\Lecimg.csproj", "{921A4636-C393-460D-B49A-6C734DF5AEBD}"
EndProject
Global
	GlobalSection(SolutionConfigurationPlatforms) = preSolution
		Debug|Any CPU = Debug|Any CPU
		Release|Any CPU = Release|Any CPU
	EndGlobalSection
	GlobalSection(ProjectConfigurationPlatforms) = postSolution
		{921A4636-C393-460D-B49A-6C734DF5AEBD}.Debug|Any CPU.ActiveCfg = Debug|Any CPU
		{921A4636-C393-460D-B49A-6C734DF5AEBD}.Debug|Any CPU.Build.0 = Debug|Any CPU
		{921A4636-C393-460D-B49A-6C734DF5AEBD}.Release|Any CPU.ActiveCfg = Release|Any CPU
		{921A4636-C393-460D-B49A-6C734DF5AEBD}.Release|Any CPU.Build.0 = Release|Any CPU
	EndGlobalSection
	GlobalSection(SolutionProperties) = preSolution
		HideSolutionNode = FALSE
	EndGlobalSection
	GlobalSection(ExtensibilityGlobals) = postSolution
		SolutionGuid = {B8A3A782-2019-4AD2-BE2C-DC8163728675}
	EndGlobalSection
EndGlobal
